# THIS IS AN AUTOGENERATED FILE. DO NOT EDIT THIS FILE DIRECTLY.
# yarn lockfile v1


json-sql@^0.5.0:
  version "0.5.0"
  resolved "https://registry.yarnpkg.com/json-sql/-/json-sql-0.5.0.tgz#80ce4c23e6b6e3c7c62ed718020286db9c3979c1"
  integrity sha512-f2vlEHp8OEZUOm60Vq5gegYJxPLtmDOHJSSaJuzgRtHPQprupEjycYmUbRZwliBUN31fOvvCJhiqVjntVxGqmA==
  dependencies:
    underscore "1.8.2"

underscore@1.8.2:
  version "1.8.2"
  resolved "https://registry.yarnpkg.com/underscore/-/underscore-1.8.2.tgz#64df2eb590899de950782f3735190ba42ebf311d"
  integrity sha1-ZN8utZCJnelQeC83NRkLpC6/MR0=
